# generated by rye
# use `rye lock` or `rye sync` to update this lockfile
#
# last locked with the following flags:
#   pre: false
#   features: []
#   all-features: false
#   with-sources: false
#   generate-hashes: false
#   universal: false

-e file:.
cfgv==3.4.0
distlib==0.3.9
filelock==3.18.0
gitdb==4.0.11
gitpython==3.1.43
identify==2.6.12
iniconfig==2.0.0
nodeenv==1.9.1
packaging==24.1
pathlib==1.0.1
pathspec==0.12.1
platformdirs==4.3.8
pluggy==1.5.0
pre-commit==4.2.0
pytest==8.3.2
pyyaml==6.0.2
smmap==5.0.1
typing-extensions==4.12.2
urwid==2.6.15
virtualenv==20.31.2
wcwidth==0.2.13
